
Microsoft Visual Studio Solution File, Format Version 12.00
# Visual Studio 14
VisualStudioVersion = 14.0.25420.1
MinimumVisualStudioVersion = 10.0.40219.1
Project("{2150E333-8FDC-42A3-9474-1A3956D46DE8}") = "src", "src", "{A90BFA4F-964A-4836-9A38-9829320AFA9C}"
EndProject
Project("{2150E333-8FDC-42A3-9474-1A3956D46DE8}") = "Solution Items", "Solution Items", "{203566A1-2327-4EF3-882B-D65D57351577}"
	ProjectSection(SolutionItems) = preProject
		global.json = global.json
	EndProjectSection
EndProject
Project("{8BB2217D-0F2D-49D1-97BC-3654ED321F3B}") = "DotNetNote", "src\DotNetNote\DotNetNote.xproj", "{61E535C3-6D06-4DAD-AE8D-4594335C5CB4}"
EndProject
Project("{00D1A9C2-B5F0-4AF3-8072-F6C62B433612}") = "DotNetNote.Database", "DotNetNote.Database\DotNetNote.Database.sqlproj", "{6B063D28-08AB-4395-B0F7-BA7B892FCC63}"
EndProject
Global
	GlobalSection(SolutionConfigurationPlatforms) = preSolution
		Debug|Any CPU = Debug|Any CPU
		Release|Any CPU = Release|Any CPU
	EndGlobalSection
	GlobalSection(ProjectConfigurationPlatforms) = postSolution
		{61E535C3-6D06-4DAD-AE8D-4594335C5CB4}.Debug|Any CPU.ActiveCfg = Debug|Any CPU
		{61E535C3-6D06-4DAD-AE8D-4594335C5CB4}.Debug|Any CPU.Build.0 = Debug|Any CPU
		{61E535C3-6D06-4DAD-AE8D-4594335C5CB4}.Release|Any CPU.ActiveCfg = Release|Any CPU
		{61E535C3-6D06-4DAD-AE8D-4594335C5CB4}.Release|Any CPU.Build.0 = Release|Any CPU
		{6B063D28-08AB-4395-B0F7-BA7B892FCC63}.Debug|Any CPU.ActiveCfg = Debug|Any CPU
		{6B063D28-08AB-4395-B0F7-BA7B892FCC63}.Debug|Any CPU.Build.0 = Debug|Any CPU
		{6B063D28-08AB-4395-B0F7-BA7B892FCC63}.Debug|Any CPU.Deploy.0 = Debug|Any CPU
		{6B063D28-08AB-4395-B0F7-BA7B892FCC63}.Release|Any CPU.ActiveCfg = Release|Any CPU
		{6B063D28-08AB-4395-B0F7-BA7B892FCC63}.Release|Any CPU.Build.0 = Release|Any CPU
		{6B063D28-08AB-4395-B0F7-BA7B892FCC63}.Release|Any CPU.Deploy.0 = Release|Any CPU
	EndGlobalSection
	GlobalSection(SolutionProperties) = preSolution
		HideSolutionNode = FALSE
	EndGlobalSection
	GlobalSection(NestedProjects) = preSolution
		{61E535C3-6D06-4DAD-AE8D-4594335C5CB4} = {A90BFA4F-964A-4836-9A38-9829320AFA9C}
	EndGlobalSection
EndGlobal
