
Microsoft Visual Studio Solution File, Format Version 12.00
# Visual Studio 14
VisualStudioVersion = 14.0.25420.1
MinimumVisualStudioVersion = 10.0.40219.1
Project("{2150E333-8FDC-42A3-9474-1A3956D46DE8}") = "src", "src", "{DAFD774D-6DB5-41D5-950B-6F27045AF5FB}"
EndProject
Project("{2150E333-8FDC-42A3-9474-1A3956D46DE8}") = "Solution Items", "Solution Items", "{B0DEFB7B-7043-42BF-AF4B-31A29644D015}"
	ProjectSection(SolutionItems) = preProject
		global.json = global.json
	EndProjectSection
EndProject
Project("{8BB2217D-0F2D-49D1-97BC-3654ED321F3B}") = "DotNetNote", "src\DotNetNote\DotNetNote.xproj", "{8419D809-057F-49B2-88E0-4A86DC499ACC}"
EndProject
Project("{00D1A9C2-B5F0-4AF3-8072-F6C62B433612}") = "DotNetNote.Database", "DotNetNote.Database\DotNetNote.Database.sqlproj", "{7BF51119-7879-4A4C-AE0A-D30EB4DEE5B0}"
EndProject
Global
	GlobalSection(SolutionConfigurationPlatforms) = preSolution
		Debug|Any CPU = Debug|Any CPU
		Release|Any CPU = Release|Any CPU
	EndGlobalSection
	GlobalSection(ProjectConfigurationPlatforms) = postSolution
		{8419D809-057F-49B2-88E0-4A86DC499ACC}.Debug|Any CPU.ActiveCfg = Debug|Any CPU
		{8419D809-057F-49B2-88E0-4A86DC499ACC}.Debug|Any CPU.Build.0 = Debug|Any CPU
		{8419D809-057F-49B2-88E0-4A86DC499ACC}.Release|Any CPU.ActiveCfg = Release|Any CPU
		{8419D809-057F-49B2-88E0-4A86DC499ACC}.Release|Any CPU.Build.0 = Release|Any CPU
		{7BF51119-7879-4A4C-AE0A-D30EB4DEE5B0}.Debug|Any CPU.ActiveCfg = Debug|Any CPU
		{7BF51119-7879-4A4C-AE0A-D30EB4DEE5B0}.Debug|Any CPU.Build.0 = Debug|Any CPU
		{7BF51119-7879-4A4C-AE0A-D30EB4DEE5B0}.Debug|Any CPU.Deploy.0 = Debug|Any CPU
		{7BF51119-7879-4A4C-AE0A-D30EB4DEE5B0}.Release|Any CPU.ActiveCfg = Release|Any CPU
		{7BF51119-7879-4A4C-AE0A-D30EB4DEE5B0}.Release|Any CPU.Build.0 = Release|Any CPU
		{7BF51119-7879-4A4C-AE0A-D30EB4DEE5B0}.Release|Any CPU.Deploy.0 = Release|Any CPU
	EndGlobalSection
	GlobalSection(SolutionProperties) = preSolution
		HideSolutionNode = FALSE
	EndGlobalSection
	GlobalSection(NestedProjects) = preSolution
		{8419D809-057F-49B2-88E0-4A86DC499ACC} = {DAFD774D-6DB5-41D5-950B-6F27045AF5FB}
	EndGlobalSection
EndGlobal
